
Microsoft Visual Studio Solution File, Format Version 12.00
# Visual Studio Version 16
VisualStudioVersion = 16.0.32802.440
MinimumVisualStudioVersion = 10.0.40219.1
Project("{FAE04EC0-301F-11D3-BF4B-00C04F79EFBC}") = "Sql_Otomasyon", "Sql_Otomasyon.csproj", "{BF6F01B4-E8E5-4F1F-B4D1-7CFAB5709704}"
EndProject
Global
	GlobalSection(SolutionConfigurationPlatforms) = preSolution
		Debug|Any CPU = Debug|Any CPU
		Release|Any CPU = Release|Any CPU
	EndGlobalSection
	GlobalSection(ProjectConfigurationPlatforms) = postSolution
		{BF6F01B4-E8E5-4F1F-B4D1-7CFAB5709704}.Debug|Any CPU.ActiveCfg = Debug|Any CPU
		{BF6F01B4-E8E5-4F1F-B4D1-7CFAB5709704}.Debug|Any CPU.Build.0 = Debug|Any CPU
		{BF6F01B4-E8E5-4F1F-B4D1-7CFAB5709704}.Release|Any CPU.ActiveCfg = Release|Any CPU
		{BF6F01B4-E8E5-4F1F-B4D1-7CFAB5709704}.Release|Any CPU.Build.0 = Release|Any CPU
	EndGlobalSection
	GlobalSection(SolutionProperties) = preSolution
		HideSolutionNode = FALSE
	EndGlobalSection
	GlobalSection(ExtensibilityGlobals) = postSolution
		SolutionGuid = {8793B513-6C49-4017-91E6-CFA8DC196881}
	EndGlobalSection
EndGlobal
